
Microsoft Visual Studio Solution File, Format Version 12.00
Project("{FAE04EC0-301F-11D3-BF4B-00C04F79EFBC}") = "Hearo-Libraries", "Hearo-Libraries\Hearo-Libraries.csproj", "{56671B09-712D-4E7A-B4FE-AC3826552F3D}"
EndProject
Global
	GlobalSection(SolutionConfigurationPlatforms) = preSolution
		Debug|Any CPU = Debug|Any CPU
		Release|Any CPU = Release|Any CPU
	EndGlobalSection
	GlobalSection(ProjectConfigurationPlatforms) = postSolution
		{56671B09-712D-4E7A-B4FE-AC3826552F3D}.Debug|Any CPU.ActiveCfg = Debug|Any CPU
		{56671B09-712D-4E7A-B4FE-AC3826552F3D}.Debug|Any CPU.Build.0 = Debug|Any CPU
		{56671B09-712D-4E7A-B4FE-AC3826552F3D}.Release|Any CPU.ActiveCfg = Release|Any CPU
		{56671B09-712D-4E7A-B4FE-AC3826552F3D}.Release|Any CPU.Build.0 = Release|Any CPU
	EndGlobalSection
EndGlobal
